{
  "_readme": [
    "This file locks the dependencies of your project to a known state"
  ],
  "content-hash": "",
  "packages": [],
  "packages-dev": [],
  "aliases": [],
  "minimum-stability": "stable",
  "stability-flags": {},
  "prefer-stable": false,
  "prefer-lowest": false,
  "platform": {},
  "platform-dev": {}
}
